
Microsoft Visual Studio Solution File, Format Version 12.00
# Visual Studio Version 16
VisualStudioVersion = 16.0.31624.102
MinimumVisualStudioVersion = 10.0.40219.1
Project("{00D1A9C2-B5F0-4AF3-8072-F6C62B433612}") = "Database", "Database\Database.sqlproj", "{81EE317B-65D4-4764-AB07-14ED1338A9F9}"
EndProject
Project("{00D1A9C2-B5F0-4AF3-8072-F6C62B433612}") = "InitialData", "InitialData\InitialData.sqlproj", "{660A87E2-27D2-4F0E-91FF-6979798FC550}"
EndProject
Global
	GlobalSection(SolutionConfigurationPlatforms) = preSolution
		Debug|Any CPU = Debug|Any CPU
		Release|Any CPU = Release|Any CPU
	EndGlobalSection
	GlobalSection(ProjectConfigurationPlatforms) = postSolution
		{81EE317B-65D4-4764-AB07-14ED1338A9F9}.Debug|Any CPU.ActiveCfg = Debug|Any CPU
		{81EE317B-65D4-4764-AB07-14ED1338A9F9}.Debug|Any CPU.Build.0 = Debug|Any CPU
		{81EE317B-65D4-4764-AB07-14ED1338A9F9}.Debug|Any CPU.Deploy.0 = Debug|Any CPU
		{81EE317B-65D4-4764-AB07-14ED1338A9F9}.Release|Any CPU.ActiveCfg = Release|Any CPU
		{81EE317B-65D4-4764-AB07-14ED1338A9F9}.Release|Any CPU.Build.0 = Release|Any CPU
		{81EE317B-65D4-4764-AB07-14ED1338A9F9}.Release|Any CPU.Deploy.0 = Release|Any CPU
		{660A87E2-27D2-4F0E-91FF-6979798FC550}.Debug|Any CPU.ActiveCfg = Debug|Any CPU
		{660A87E2-27D2-4F0E-91FF-6979798FC550}.Debug|Any CPU.Build.0 = Debug|Any CPU
		{660A87E2-27D2-4F0E-91FF-6979798FC550}.Debug|Any CPU.Deploy.0 = Debug|Any CPU
		{660A87E2-27D2-4F0E-91FF-6979798FC550}.Release|Any CPU.ActiveCfg = Release|Any CPU
		{660A87E2-27D2-4F0E-91FF-6979798FC550}.Release|Any CPU.Build.0 = Release|Any CPU
		{660A87E2-27D2-4F0E-91FF-6979798FC550}.Release|Any CPU.Deploy.0 = Release|Any CPU
	EndGlobalSection
	GlobalSection(SolutionProperties) = preSolution
		HideSolutionNode = FALSE
	EndGlobalSection
	GlobalSection(ExtensibilityGlobals) = postSolution
		SolutionGuid = {4FAAFAFA-A8BB-49A2-81EE-A183BFE49EB0}
	EndGlobalSection
EndGlobal
